hash: 956ee470256d919a07081e7fac161e32aaf86cd47e6f86da5474b48749215a46
updated: 2018-04-10T17:59:46.4248016Z
imports:
- name: github.com/gin-contrib/sse
  version: 22d885f9ecc78bf4ee5d72b937e4bbcdc58e8cae
- name: github.com/gin-gonic/gin
  version: d459835d2b077e44f7c9b453505ee29881d5d12d
  subpackages:
  - binding
  - render
- name: github.com/golang/protobuf
  version: e09c5db296004fbe3f74490e84dcd62c3c5ddb1b
  subpackages:
  - proto
- name: github.com/lib/pq
  version: d34b9ff171c21ad295489235aec8b6626023cd04
  subpackages:
  - oid
- name: github.com/mattn/go-isatty
  version: 6ca4dbf54d38eea1a992b3c722a76a5d1c4cb25c
- name: github.com/ugorji/go
  version: f3cacc17c85ecb7f1b6a9e373ee85d1480919868
  subpackages:
  - codec
- name: golang.org/x/sys
  version: 3b87a42e500a6dc65dae1a55d0b641295971163e
  subpackages:
  - unix
- name: gopkg.in/go-playground/validator.v8
  version: 5f1438d3fca68893a817e4a66806cea46a9e4ebf
- name: gopkg.in/gorp.v1
  version: 6032c66e0f5f155fd56216ed14cbbdd991034605
- name: gopkg.in/yaml.v2
  version: 5420a8b6744d3b0345ab293f6fcba19c978f1183
testImports: []
